<Solution>
  <Configurations>
    <Platform Name="x64" />
  </Configurations>
  <Project Path="EarthRise/EarthRise.vcxproj" Id="00fadcd0-51e5-4e8d-bfcb-ec62dd65b3d8">
    <Deploy />
  </Project>
  <Project Path="NeuronClient/NeuronClient.vcxproj" Id="63793c25-4ba6-4788-8cde-f5d8fe3a81be" />
  <Project Path="NeuronCore/NeuronCore.vcxproj" Id="5b93b2aa-ed67-495e-858c-3e984781f2db" />
</Solution>
